
Microsoft Visual Studio Solution File, Format Version 12.00
# Visual Studio Version 17
VisualStudioVersion = 17.9.34902.65
MinimumVisualStudioVersion = 10.0.40219.1
Project("{2150E333-8FDC-42A3-9474-1A3956D46DE8}") = "Services", "Services", "{D11202C8-0AD7-442A-B808-2611BDB67C22}"
EndProject
Project("{2150E333-8FDC-42A3-9474-1A3956D46DE8}") = "Catelog", "Catelog", "{D6DBDFD5-6C7A-4974-891F-BB50A827500D}"
EndProject
Project("{9A19103F-16F7-4668-BE54-9A1E7A4F7556}") = "Catelog.API", "Services\Catelog\Catelog.API\Catelog.API.csproj", "{5A768B8B-F9F3-4C62-9D3F-CB8D60B38B71}"
EndProject
Project("{2150E333-8FDC-42A3-9474-1A3956D46DE8}") = "BuildingBlocks", "BuildingBlocks", "{5093395F-8529-4E70-8C06-B52E0AFC4CF3}"
EndProject
Project("{FAE04EC0-301F-11D3-BF4B-00C04F79EFBC}") = "BuildingBlocks", "BuildingBlocks\BuildingBlocks\BuildingBlocks.csproj", "{18ED4465-776A-473D-B352-9889E64463EE}"
EndProject
Global
	GlobalSection(SolutionConfigurationPlatforms) = preSolution
		Debug|Any CPU = Debug|Any CPU
		Release|Any CPU = Release|Any CPU
	EndGlobalSection
	GlobalSection(ProjectConfigurationPlatforms) = postSolution
		{5A768B8B-F9F3-4C62-9D3F-CB8D60B38B71}.Debug|Any CPU.ActiveCfg = Debug|Any CPU
		{5A768B8B-F9F3-4C62-9D3F-CB8D60B38B71}.Debug|Any CPU.Build.0 = Debug|Any CPU
		{5A768B8B-F9F3-4C62-9D3F-CB8D60B38B71}.Release|Any CPU.ActiveCfg = Release|Any CPU
		{5A768B8B-F9F3-4C62-9D3F-CB8D60B38B71}.Release|Any CPU.Build.0 = Release|Any CPU
		{18ED4465-776A-473D-B352-9889E64463EE}.Debug|Any CPU.ActiveCfg = Debug|Any CPU
		{18ED4465-776A-473D-B352-9889E64463EE}.Debug|Any CPU.Build.0 = Debug|Any CPU
		{18ED4465-776A-473D-B352-9889E64463EE}.Release|Any CPU.ActiveCfg = Release|Any CPU
		{18ED4465-776A-473D-B352-9889E64463EE}.Release|Any CPU.Build.0 = Release|Any CPU
	EndGlobalSection
	GlobalSection(SolutionProperties) = preSolution
		HideSolutionNode = FALSE
	EndGlobalSection
	GlobalSection(NestedProjects) = preSolution
		{D6DBDFD5-6C7A-4974-891F-BB50A827500D} = {D11202C8-0AD7-442A-B808-2611BDB67C22}
		{5A768B8B-F9F3-4C62-9D3F-CB8D60B38B71} = {D6DBDFD5-6C7A-4974-891F-BB50A827500D}
		{18ED4465-776A-473D-B352-9889E64463EE} = {5093395F-8529-4E70-8C06-B52E0AFC4CF3}
	EndGlobalSection
	GlobalSection(ExtensibilityGlobals) = postSolution
		SolutionGuid = {6BD34824-617E-4CD7-A8A0-9F371766B511}
	EndGlobalSection
EndGlobal
